
Microsoft Visual Studio Solution File, Format Version 12.00
# Visual Studio 15
VisualStudioVersion = 15.0.27703.2035
MinimumVisualStudioVersion = 10.0.40219.1
Project("{9A19103F-16F7-4668-BE54-9A1E7A4F7556}") = "CivicdAPI.Web", "CivicdAPI.Web\CivicdAPI.Web.csproj", "{9E311733-01C8-4EBE-8648-F2F65ACEA709}"
EndProject
Global
	GlobalSection(SolutionConfigurationPlatforms) = preSolution
		Debug|Any CPU = Debug|Any CPU
		Release|Any CPU = Release|Any CPU
	EndGlobalSection
	GlobalSection(ProjectConfigurationPlatforms) = postSolution
		{9E311733-01C8-4EBE-8648-F2F65ACEA709}.Debug|Any CPU.ActiveCfg = Debug|Any CPU
		{9E311733-01C8-4EBE-8648-F2F65ACEA709}.Debug|Any CPU.Build.0 = Debug|Any CPU
		{9E311733-01C8-4EBE-8648-F2F65ACEA709}.Release|Any CPU.ActiveCfg = Release|Any CPU
		{9E311733-01C8-4EBE-8648-F2F65ACEA709}.Release|Any CPU.Build.0 = Release|Any CPU
	EndGlobalSection
	GlobalSection(SolutionProperties) = preSolution
		HideSolutionNode = FALSE
	EndGlobalSection
	GlobalSection(ExtensibilityGlobals) = postSolution
		SolutionGuid = {B983B3B7-1367-4CD3-B51E-1E852D92A1A1}
	EndGlobalSection
EndGlobal
